{
  "name": "my-storyblok-migrate",
  "version": "1.0.0",
  "lockfileVersion": 1,
  "requires": true,
  "dependencies": {
    "@babel/runtime-corejs3": {
      "version": "7.7.7",
      "resolved": "https://npm.ef.com/@babel%2fruntime-corejs3/-/runtime-corejs3-7.7.7.tgz",
      "integrity": "sha512-kr3W3Fw8mB/CTru2M5zIRQZZgC/9zOxNSoJ/tVCzjPt3H1/p5uuGbz6WwmaQy/TLQcW31rUhUUWKY28sXFRelA==",
      "requires": {
        "core-js-pure": "^3.0.0",
        "regenerator-runtime": "^0.13.2"
      }
    },
    "axios": {
      "version": "0.19.0",
      "resolved": "https://npm.ef.com/axios/-/axios-0.19.0.tgz",
      "integrity": "sha512-1uvKqKQta3KBxIz14F2v06AEHZ/dIoeKfbTRkK1E5oqjDnuEerLmYTgJB5AiQZHJcljpg1TuRzdjDR06qNk0DQ==",
      "requires": {
        "follow-redirects": "1.5.10",
        "is-buffer": "^2.0.2"
      }
    },
    "core-js-pure": {
      "version": "3.6.0",
      "resolved": "https://npm.ef.com/core-js-pure/-/core-js-pure-3.6.0.tgz",
      "integrity": "sha512-+YSSo7UFDFuVvMUr1HVFYArb22pYIKRDISBo6V50kRuS0MsXgsuDWmJYFu6dJsJupr77S486xRnDkr/BWQQonw=="
    },
    "debug": {
      "version": "3.1.0",
      "resolved": "https://npm.ef.com/debug/-/debug-3.1.0.tgz",
      "integrity": "sha512-OX8XqP7/1a9cqkxYw2yXss15f26NKWBpDXQd0/uK/KPqdQhxbPa994hnzjcE2VqQpDslf55723cKPUOGSmMY3g==",
      "requires": {
        "ms": "2.0.0"
      }
    },
    "dotenv": {
      "version": "8.2.0",
      "resolved": "https://npm.ef.com/dotenv/-/dotenv-8.2.0.tgz",
      "integrity": "sha512-8sJ78ElpbDJBHNeBzUbUVLsqKdccaa/BXF1uPTw3GrvQTBgrQrtObr2mUrE38vzYd8cEv+m/JBfDLioYcfXoaw=="
    },
    "follow-redirects": {
      "version": "1.5.10",
      "resolved": "https://npm.ef.com/follow-redirects/-/follow-redirects-1.5.10.tgz",
      "integrity": "sha512-0V5l4Cizzvqt5D44aTXbFZz+FtyXV1vrDN6qrelxtfYQKW0KO0W2T/hkE8xvGa/540LkZlkaUjO4ailYTFtHVQ==",
      "requires": {
        "debug": "=3.1.0"
      }
    },
    "is-buffer": {
      "version": "2.0.4",
      "resolved": "https://npm.ef.com/is-buffer/-/is-buffer-2.0.4.tgz",
      "integrity": "sha512-Kq1rokWXOPXWuaMAqZiJW4XxsmD9zGx9q4aePabbn3qCRGedtH7Cm+zV8WETitMfu1wdh+Rvd6w5egwSngUX2A=="
    },
    "ms": {
      "version": "2.0.0",
      "resolved": "https://npm.ef.com/ms/-/ms-2.0.0.tgz",
      "integrity": "sha1-VgiurfwAvmwpAd9fmGF4jeDVl8g="
    },
    "qs": {
      "version": "6.9.1",
      "resolved": "https://npm.ef.com/qs/-/qs-6.9.1.tgz",
      "integrity": "sha512-Cxm7/SS/y/Z3MHWSxXb8lIFqgqBowP5JMlTUFyJN88y0SGQhVmZnqFK/PeuMX9LzUyWsqqhNxIyg0jlzq946yA=="
    },
    "regenerator-runtime": {
      "version": "0.13.3",
      "resolved": "https://npm.ef.com/regenerator-runtime/-/regenerator-runtime-0.13.3.tgz",
      "integrity": "sha512-naKIZz2GQ8JWh///G7L3X6LaQUAMp2lvb1rvwwsURe/VXwD6VMfr+/1NuNw3ag8v2kY1aQ/go5SNn79O9JU7yw=="
    },
    "storyblok-js-client": {
      "version": "2.0.12",
      "resolved": "https://npm.ef.com/storyblok-js-client/-/storyblok-js-client-2.0.12.tgz",
      "integrity": "sha512-A+We2uBEL4s44MvfltU3fwjIIOtF7PaTOoE3JQFoZtskrt2kahJgZ5Gf4sy5s0l3FkkaELvT+NFI/Yxi1jBcyA==",
      "requires": {
        "@babel/runtime-corejs3": "^7.4.5",
        "axios": "^0.19.0",
        "qs": "^6.5.2"
      }
    }
  }
}
